// !$*UTF8*$!
{
	archiveVersion = 1;
	classes = {
	};
	objectVersion = 52;
	objects = {

/* Begin PBXBuildFile section */
		7E81232024DE22B000332539 /* YZDesignSystem in Frameworks */ = {isa = PBXBuildFile; productRef = 7E81231F24DE22B000332539 /* YZDesignSystem */; };
		7E81232224DE22B000332539 /* YZDesignSystemMacOS in Frameworks */ = {isa = PBXBuildFile; productRef = 7E81232124DE22B000332539 /* YZDesignSystemMacOS */; };
		7E81232424DE22B000332539 /* YZMarkdown in Frameworks */ = {isa = PBXBuildFile; productRef = 7E81232324DE22B000332539 /* YZMarkdown */; };
		7E92CDC524DDB97300D78CA2 /* YZMarkDownExampleApp.swift in Sources */ = {isa = PBXBuildFile; fileRef = 7E92CDB224DDB97100D78CA2 /* YZMarkDownExampleApp.swift */; };
		7E92CDC624DDB97300D78CA2 /* YZMarkDownExampleApp.swift in Sources */ = {isa = PBXBuildFile; fileRef = 7E92CDB224DDB97100D78CA2 /* YZMarkDownExampleApp.swift */; };
		7E92CDC724DDB97300D78CA2 /* ContentView.swift in Sources */ = {isa = PBXBuildFile; fileRef = 7E92CDB324DDB97100D78CA2 /* ContentView.swift */; };
		7E92CDC824DDB97300D78CA2 /* ContentView.swift in Sources */ = {isa = PBXBuildFile; fileRef = 7E92CDB324DDB97100D78CA2 /* ContentView.swift */; };
		7E92CDC924DDB97300D78CA2 /* Assets.xcassets in Resources */ = {isa = PBXBuildFile; fileRef = 7E92CDB424DDB97300D78CA2 /* Assets.xcassets */; };
		7E92CDCA24DDB97300D78CA2 /* Assets.xcassets in Resources */ = {isa = PBXBuildFile; fileRef = 7E92CDB424DDB97300D78CA2 /* Assets.xcassets */; };
/* End PBXBuildFile section */

/* Begin PBXFileReference section */
		7E06854624DDB9EC00D1576D /* YZDesignSystem */ = {isa = PBXFileReference; lastKnownFileType = folder; name = YZDesignSystem; path = ../../swift/YZDesignSystem; sourceTree = "<group>"; };
		7E81231E24DE22A300332539 /* YZDesignSystem */ = {isa = PBXFileReference; lastKnownFileType = folder; name = YZDesignSystem; path = "../yuzu-design-system/swift/YZDesignSystem"; sourceTree = "<group>"; };
		7E92CDB224DDB97100D78CA2 /* YZMarkDownExampleApp.swift */ = {isa = PBXFileReference; lastKnownFileType = sourcecode.swift; path = YZMarkDownExampleApp.swift; sourceTree = "<group>"; };
		7E92CDB324DDB97100D78CA2 /* ContentView.swift */ = {isa = PBXFileReference; lastKnownFileType = sourcecode.swift; path = ContentView.swift; sourceTree = "<group>"; };
		7E92CDB424DDB97300D78CA2 /* Assets.xcassets */ = {isa = PBXFileReference; lastKnownFileType = folder.assetcatalog; path = Assets.xcassets; sourceTree = "<group>"; };
		7E92CDB924DDB97300D78CA2 /* YZMarkDownExample.app */ = {isa = PBXFileReference; explicitFileType = wrapper.application; includeInIndex = 0; path = YZMarkDownExample.app; sourceTree = BUILT_PRODUCTS_DIR; };
		7E92CDBC24DDB97300D78CA2 /* Info.plist */ = {isa = PBXFileReference; lastKnownFileType = text.plist.xml; path = Info.plist; sourceTree = "<group>"; };
		7E92CDC124DDB97300D78CA2 /* YZMarkDownExample.app */ = {isa = PBXFileReference; explicitFileType = wrapper.application; includeInIndex = 0; path = YZMarkDownExample.app; sourceTree = BUILT_PRODUCTS_DIR; };
		7E92CDC324DDB97300D78CA2 /* Info.plist */ = {isa = PBXFileReference; lastKnownFileType = text.plist.xml; path = Info.plist; sourceTree = "<group>"; };
		7E92CDC424DDB97300D78CA2 /* macOS.entitlements */ = {isa = PBXFileReference; lastKnownFileType = text.plist.entitlements; path = macOS.entitlements; sourceTree = "<group>"; };
/* End PBXFileReference section */

/* Begin PBXFrameworksBuildPhase section */
		7E92CDB624DDB97300D78CA2 /* Frameworks */ = {
			isa = PBXFrameworksBuildPhase;
			buildActionMask = 2147483647;
			files = (
			);
			runOnlyForDeploymentPostprocessing = 0;
		};
		7E92CDBE24DDB97300D78CA2 /* Frameworks */ = {
			isa = PBXFrameworksBuildPhase;
			buildActionMask = 2147483647;
			files = (
				7E81232224DE22B000332539 /* YZDesignSystemMacOS in Frameworks */,
				7E81232424DE22B000332539 /* YZMarkdown in Frameworks */,
				7E81232024DE22B000332539 /* YZDesignSystem in Frameworks */,
			);
			runOnlyForDeploymentPostprocessing = 0;
		};
/* End PBXFrameworksBuildPhase section */

/* Begin PBXGroup section */
		7E06854524DDB9EC00D1576D /* Frameworks */ = {
			isa = PBXGroup;
			children = (
				7E81231E24DE22A300332539 /* YZDesignSystem */,
				7E06854624DDB9EC00D1576D /* YZDesignSystem */,
			);
			name = Frameworks;
			sourceTree = "<group>";
		};
		7E92CDAC24DDB97100D78CA2 = {
			isa = PBXGroup;
			children = (
				7E92CDB124DDB97100D78CA2 /* Shared */,
				7E92CDBB24DDB97300D78CA2 /* iOS */,
				7E92CDC224DDB97300D78CA2 /* macOS */,
				7E92CDBA24DDB97300D78CA2 /* Products */,
				7E06854524DDB9EC00D1576D /* Frameworks */,
			);
			sourceTree = "<group>";
		};
		7E92CDB124DDB97100D78CA2 /* Shared */ = {
			isa = PBXGroup;
			children = (
				7E92CDB224DDB97100D78CA2 /* YZMarkDownExampleApp.swift */,
				7E92CDB324DDB97100D78CA2 /* ContentView.swift */,
				7E92CDB424DDB97300D78CA2 /* Assets.xcassets */,
			);
			path = Shared;
			sourceTree = "<group>";
		};
		7E92CDBA24DDB97300D78CA2 /* Products */ = {
			isa = PBXGroup;
			children = (
				7E92CDB924DDB97300D78CA2 /* YZMarkDownExample.app */,
				7E92CDC124DDB97300D78CA2 /* YZMarkDownExample.app */,
			);
			name = Products;
			sourceTree = "<group>";
		};
		7E92CDBB24DDB97300D78CA2 /* iOS */ = {
			isa = PBXGroup;
			children = (
				7E92CDBC24DDB97300D78CA2 /* Info.plist */,
			);
			path = iOS;
			sourceTree = "<group>";
		};
		7E92CDC224DDB97300D78CA2 /* macOS */ = {
			isa = PBXGroup;
			children = (
				7E92CDC324DDB97300D78CA2 /* Info.plist */,
				7E92CDC424DDB97300D78CA2 /* macOS.entitlements */,
			);
			path = macOS;
			sourceTree = "<group>";
		};
/* End PBXGroup section */

/* Begin PBXNativeTarget section */
		7E92CDB824DDB97300D78CA2 /* iOS */ = {
			isa = PBXNativeTarget;
			buildConfigurationList = 7E92CDCD24DDB97300D78CA2 /* Build configuration list for PBXNativeTarget "iOS" */;
			buildPhases = (
				7E92CDB524DDB97300D78CA2 /* Sources */,
				7E92CDB624DDB97300D78CA2 /* Frameworks */,
				7E92CDB724DDB97300D78CA2 /* Resources */,
			);
			buildRules = (
			);
			dependencies = (
			);
			name = iOS;
			productName = iOS;
			productReference = 7E92CDB924DDB97300D78CA2 /* YZMarkDownExample.app */;
			productType = "com.apple.product-type.application";
		};
		7E92CDC024DDB97300D78CA2 /* macOS */ = {
			isa = PBXNativeTarget;
			buildConfigurationList = 7E92CDD024DDB97300D78CA2 /* Build configuration list for PBXNativeTarget "macOS" */;
			buildPhases = (
				7E92CDBD24DDB97300D78CA2 /* Sources */,
				7E92CDBE24DDB97300D78CA2 /* Frameworks */,
				7E92CDBF24DDB97300D78CA2 /* Resources */,
			);
			buildRules = (
			);
			dependencies = (
			);
			name = macOS;
			packageProductDependencies = (
				7E81231F24DE22B000332539 /* YZDesignSystem */,
				7E81232124DE22B000332539 /* YZDesignSystemMacOS */,
				7E81232324DE22B000332539 /* YZMarkdown */,
			);
			productName = macOS;
			productReference = 7E92CDC124DDB97300D78CA2 /* YZMarkDownExample.app */;
			productType = "com.apple.product-type.application";
		};
/* End PBXNativeTarget section */

/* Begin PBXProject section */
		7E92CDAD24DDB97100D78CA2 /* Project object */ = {
			isa = PBXProject;
			attributes = {
				LastSwiftUpdateCheck = 1200;
				LastUpgradeCheck = 1200;
				TargetAttributes = {
					7E92CDB824DDB97300D78CA2 = {
						CreatedOnToolsVersion = 12.0;
					};
					7E92CDC024DDB97300D78CA2 = {
						CreatedOnToolsVersion = 12.0;
					};
				};
			};
			buildConfigurationList = 7E92CDB024DDB97100D78CA2 /* Build configuration list for PBXProject "YuzuSaturn" */;
			compatibilityVersion = "Xcode 9.3";
			developmentRegion = en;
			hasScannedForEncodings = 0;
			knownRegions = (
				en,
				Base,
			);
			mainGroup = 7E92CDAC24DDB97100D78CA2;
			productRefGroup = 7E92CDBA24DDB97300D78CA2 /* Products */;
			projectDirPath = "";
			projectRoot = "";
			targets = (
				7E92CDB824DDB97300D78CA2 /* iOS */,
				7E92CDC024DDB97300D78CA2 /* macOS */,
			);
		};
/* End PBXProject section */

/* Begin PBXResourcesBuildPhase section */
		7E92CDB724DDB97300D78CA2 /* Resources */ = {
			isa = PBXResourcesBuildPhase;
			buildActionMask = 2147483647;
			files = (
				7E92CDC924DDB97300D78CA2 /* Assets.xcassets in Resources */,
			);
			runOnlyForDeploymentPostprocessing = 0;
		};
		7E92CDBF24DDB97300D78CA2 /* Resources */ = {
			isa = PBXResourcesBuildPhase;
			buildActionMask = 2147483647;
			files = (
				7E92CDCA24DDB97300D78CA2 /* Assets.xcassets in Resources */,
			);
			runOnlyForDeploymentPostprocessing = 0;
		};
/* End PBXResourcesBuildPhase section */

/* Begin PBXSourcesBuildPhase section */
		7E92CDB524DDB97300D78CA2 /* Sources */ = {
			isa = PBXSourcesBuildPhase;
			buildActionMask = 2147483647;
			files = (
				7E92CDC724DDB97300D78CA2 /* ContentView.swift in Sources */,
				7E92CDC524DDB97300D78CA2 /* YZMarkDownExampleApp.swift in Sources */,
			);
			runOnlyForDeploymentPostprocessing = 0;
		};
		7E92CDBD24DDB97300D78CA2 /* Sources */ = {
			isa = PBXSourcesBuildPhase;
			buildActionMask = 2147483647;
			files = (
				7E92CDC824DDB97300D78CA2 /* ContentView.swift in Sources */,
				7E92CDC624DDB97300D78CA2 /* YZMarkDownExampleApp.swift in Sources */,
			);
			runOnlyForDeploymentPostprocessing = 0;
		};
/* End PBXSourcesBuildPhase section */

/* Begin XCBuildConfiguration section */
		7E92CDCB24DDB97300D78CA2 /* Debug */ = {
			isa = XCBuildConfiguration;
			buildSettings = {
				ALWAYS_SEARCH_USER_PATHS = NO;
				CLANG_ANALYZER_NONNULL = YES;
				CLANG_ANALYZER_NUMBER_OBJECT_CONVERSION = YES_AGGRESSIVE;
				CLANG_CXX_LANGUAGE_STANDARD = "gnu++14";
				CLANG_CXX_LIBRARY = "libc++";
				CLANG_ENABLE_MODULES = YES;
				CLANG_ENABLE_OBJC_ARC = YES;
				CLANG_ENABLE_OBJC_WEAK = YES;
				CLANG_WARN_BLOCK_CAPTURE_AUTORELEASING = YES;
				CLANG_WARN_BOOL_CONVERSION = YES;
				CLANG_WARN_COMMA = YES;
				CLANG_WARN_CONSTANT_CONVERSION = YES;
				CLANG_WARN_DEPRECATED_OBJC_IMPLEMENTATIONS = YES;
				CLANG_WARN_DIRECT_OBJC_ISA_USAGE = YES_ERROR;
				CLANG_WARN_DOCUMENTATION_COMMENTS = YES;
				CLANG_WARN_EMPTY_BODY = YES;
				CLANG_WARN_ENUM_CONVERSION = YES;
				CLANG_WARN_INFINITE_RECURSION = YES;
				CLANG_WARN_INT_CONVERSION = YES;
				CLANG_WARN_NON_LITERAL_NULL_CONVERSION = YES;
				CLANG_WARN_OBJC_IMPLICIT_RETAIN_SELF = YES;
				CLANG_WARN_OBJC_LITERAL_CONVERSION = YES;
				CLANG_WARN_OBJC_ROOT_CLASS = YES_ERROR;
				CLANG_WARN_QUOTED_INCLUDE_IN_FRAMEWORK_HEADER = YES;
				CLANG_WARN_RANGE_LOOP_ANALYSIS = YES;
				CLANG_WARN_STRICT_PROTOTYPES = YES;
				CLANG_WARN_SUSPICIOUS_MOVE = YES;
				CLANG_WARN_UNGUARDED_AVAILABILITY = YES_AGGRESSIVE;
				CLANG_WARN_UNREACHABLE_CODE = YES;
				CLANG_WARN__DUPLICATE_METHOD_MATCH = YES;
				COPY_PHASE_STRIP = NO;
				DEBUG_INFORMATION_FORMAT = dwarf;
				ENABLE_STRICT_OBJC_MSGSEND = YES;
				ENABLE_TESTABILITY = YES;
				GCC_C_LANGUAGE_STANDARD = gnu11;
				GCC_DYNAMIC_NO_PIC = NO;
				GCC_NO_COMMON_BLOCKS = YES;
				GCC_OPTIMIZATION_LEVEL = 0;
				GCC_PREPROCESSOR_DEFINITIONS = (
					"DEBUG=1",
					"$(inherited)",
				);
				GCC_WARN_64_TO_32_BIT_CONVERSION = YES;
				GCC_WARN_ABOUT_RETURN_TYPE = YES_ERROR;
				GCC_WARN_UNDECLARED_SELECTOR = YES;
				GCC_WARN_UNINITIALIZED_AUTOS = YES_AGGRESSIVE;
				GCC_WARN_UNUSED_FUNCTION = YES;
				GCC_WARN_UNUSED_VARIABLE = YES;
				MTL_ENABLE_DEBUG_INFO = INCLUDE_SOURCE;
				MTL_FAST_MATH = YES;
				ONLY_ACTIVE_ARCH = YES;
				SWIFT_ACTIVE_COMPILATION_CONDITIONS = DEBUG;
				SWIFT_OPTIMIZATION_LEVEL = "-Onone";
			};
			name = Debug;
		};
		7E92CDCC24DDB97300D78CA2 /* Release */ = {
			isa = XCBuildConfiguration;
			buildSettings = {
				ALWAYS_SEARCH_USER_PATHS = NO;
				CLANG_ANALYZER_NONNULL = YES;
				CLANG_ANALYZER_NUMBER_OBJECT_CONVERSION = YES_AGGRESSIVE;
				CLANG_CXX_LANGUAGE_STANDARD = "gnu++14";
				CLANG_CXX_LIBRARY = "libc++";
				CLANG_ENABLE_MODULES = YES;
				CLANG_ENABLE_OBJC_ARC = YES;
				CLANG_ENABLE_OBJC_WEAK = YES;
				CLANG_WARN_BLOCK_CAPTURE_AUTORELEASING = YES;
				CLANG_WARN_BOOL_CONVERSION = YES;
				CLANG_WARN_COMMA = YES;
				CLANG_WARN_CONSTANT_CONVERSION = YES;
				CLANG_WARN_DEPRECATED_OBJC_IMPLEMENTATIONS = YES;
				CLANG_WARN_DIRECT_OBJC_ISA_USAGE = YES_ERROR;
				CLANG_WARN_DOCUMENTATION_COMMENTS = YES;
				CLANG_WARN_EMPTY_BODY = YES;
				CLANG_WARN_ENUM_CONVERSION = YES;
				CLANG_WARN_INFINITE_RECURSION = YES;
				CLANG_WARN_INT_CONVERSION = YES;
				CLANG_WARN_NON_LITERAL_NULL_CONVERSION = YES;
				CLANG_WARN_OBJC_IMPLICIT_RETAIN_SELF = YES;
				CLANG_WARN_OBJC_LITERAL_CONVERSION = YES;
				CLANG_WARN_OBJC_ROOT_CLASS = YES_ERROR;
				CLANG_WARN_QUOTED_INCLUDE_IN_FRAMEWORK_HEADER = YES;
				CLANG_WARN_RANGE_LOOP_ANALYSIS = YES;
				CLANG_WARN_STRICT_PROTOTYPES = YES;
				CLANG_WARN_SUSPICIOUS_MOVE = YES;
				CLANG_WARN_UNGUARDED_AVAILABILITY = YES_AGGRESSIVE;
				CLANG_WARN_UNREACHABLE_CODE = YES;
				CLANG_WARN__DUPLICATE_METHOD_MATCH = YES;
				COPY_PHASE_STRIP = NO;
				DEBUG_INFORMATION_FORMAT = "dwarf-with-dsym";
				ENABLE_NS_ASSERTIONS = NO;
				ENABLE_STRICT_OBJC_MSGSEND = YES;
				GCC_C_LANGUAGE_STANDARD = gnu11;
				GCC_NO_COMMON_BLOCKS = YES;
				GCC_WARN_64_TO_32_BIT_CONVERSION = YES;
				GCC_WARN_ABOUT_RETURN_TYPE = YES_ERROR;
				GCC_WARN_UNDECLARED_SELECTOR = YES;
				GCC_WARN_UNINITIALIZED_AUTOS = YES_AGGRESSIVE;
				GCC_WARN_UNUSED_FUNCTION = YES;
				GCC_WARN_UNUSED_VARIABLE = YES;
				MTL_ENABLE_DEBUG_INFO = NO;
				MTL_FAST_MATH = YES;
				SWIFT_COMPILATION_MODE = wholemodule;
				SWIFT_OPTIMIZATION_LEVEL = "-O";
			};
			name = Release;
		};
		7E92CDCE24DDB97300D78CA2 /* Debug */ = {
			isa = XCBuildConfiguration;
			buildSettings = {
				ASSETCATALOG_COMPILER_APPICON_NAME = AppIcon;
				ASSETCATALOG_COMPILER_GLOBAL_ACCENT_COLOR_NAME = AccentColor;
				CODE_SIGN_STYLE = Automatic;
				DEVELOPMENT_TEAM = ABJUX59RYC;
				ENABLE_PREVIEWS = YES;
				INFOPLIST_FILE = iOS/Info.plist;
				IPHONEOS_DEPLOYMENT_TARGET = 14.0;
				LD_RUNPATH_SEARCH_PATHS = (
					"$(inherited)",
					"@executable_path/Frameworks",
				);
				PRODUCT_BUNDLE_IDENTIFIER = jameskao.YZSaturn;
				PRODUCT_NAME = YZMarkDownExample;
				SDKROOT = iphoneos;
				SWIFT_VERSION = 5.0;
				TARGETED_DEVICE_FAMILY = "1,2";
			};
			name = Debug;
		};
		7E92CDCF24DDB97300D78CA2 /* Release */ = {
			isa = XCBuildConfiguration;
			buildSettings = {
				ASSETCATALOG_COMPILER_APPICON_NAME = AppIcon;
				ASSETCATALOG_COMPILER_GLOBAL_ACCENT_COLOR_NAME = AccentColor;
				CODE_SIGN_STYLE = Automatic;
				DEVELOPMENT_TEAM = ABJUX59RYC;
				ENABLE_PREVIEWS = YES;
				INFOPLIST_FILE = iOS/Info.plist;
				IPHONEOS_DEPLOYMENT_TARGET = 14.0;
				LD_RUNPATH_SEARCH_PATHS = (
					"$(inherited)",
					"@executable_path/Frameworks",
				);
				PRODUCT_BUNDLE_IDENTIFIER = jameskao.YZSaturn;
				PRODUCT_NAME = YZMarkDownExample;
				SDKROOT = iphoneos;
				SWIFT_VERSION = 5.0;
				TARGETED_DEVICE_FAMILY = "1,2";
				VALIDATE_PRODUCT = YES;
			};
			name = Release;
		};
		7E92CDD124DDB97300D78CA2 /* Debug */ = {
			isa = XCBuildConfiguration;
			buildSettings = {
				ASSETCATALOG_COMPILER_APPICON_NAME = AppIcon;
				ASSETCATALOG_COMPILER_GLOBAL_ACCENT_COLOR_NAME = AccentColor;
				CODE_SIGN_ENTITLEMENTS = macOS/macOS.entitlements;
				CODE_SIGN_STYLE = Automatic;
				COMBINE_HIDPI_IMAGES = YES;
				DEVELOPMENT_TEAM = ABJUX59RYC;
				ENABLE_HARDENED_RUNTIME = YES;
				ENABLE_PREVIEWS = YES;
				INFOPLIST_FILE = macOS/Info.plist;
				LD_RUNPATH_SEARCH_PATHS = (
					"$(inherited)",
					"@executable_path/../Frameworks",
				);
				MACOSX_DEPLOYMENT_TARGET = 10.16;
				PRODUCT_BUNDLE_IDENTIFIER = jameskao.YZSaturn;
				PRODUCT_NAME = YZMarkDownExample;
				SDKROOT = macosx;
				SWIFT_VERSION = 5.0;
			};
			name = Debug;
		};
		7E92CDD224DDB97300D78CA2 /* Release */ = {
			isa = XCBuildConfiguration;
			buildSettings = {
				ASSETCATALOG_COMPILER_APPICON_NAME = AppIcon;
				ASSETCATALOG_COMPILER_GLOBAL_ACCENT_COLOR_NAME = AccentColor;
				CODE_SIGN_ENTITLEMENTS = macOS/macOS.entitlements;
				CODE_SIGN_STYLE = Automatic;
				COMBINE_HIDPI_IMAGES = YES;
				DEVELOPMENT_TEAM = ABJUX59RYC;
				ENABLE_HARDENED_RUNTIME = YES;
				ENABLE_PREVIEWS = YES;
				INFOPLIST_FILE = macOS/Info.plist;
				LD_RUNPATH_SEARCH_PATHS = (
					"$(inherited)",
					"@executable_path/../Frameworks",
				);
				MACOSX_DEPLOYMENT_TARGET = 10.16;
				PRODUCT_BUNDLE_IDENTIFIER = jameskao.YZSaturn;
				PRODUCT_NAME = YZMarkDownExample;
				SDKROOT = macosx;
				SWIFT_VERSION = 5.0;
			};
			name = Release;
		};
/* End XCBuildConfiguration section */

/* Begin XCConfigurationList section */
		7E92CDB024DDB97100D78CA2 /* Build configuration list for PBXProject "YuzuSaturn" */ = {
			isa = XCConfigurationList;
			buildConfigurations = (
				7E92CDCB24DDB97300D78CA2 /* Debug */,
				7E92CDCC24DDB97300D78CA2 /* Release */,
			);
			defaultConfigurationIsVisible = 0;
			defaultConfigurationName = Release;
		};
		7E92CDCD24DDB97300D78CA2 /* Build configuration list for PBXNativeTarget "iOS" */ = {
			isa = XCConfigurationList;
			buildConfigurations = (
				7E92CDCE24DDB97300D78CA2 /* Debug */,
				7E92CDCF24DDB97300D78CA2 /* Release */,
			);
			defaultConfigurationIsVisible = 0;
			defaultConfigurationName = Release;
		};
		7E92CDD024DDB97300D78CA2 /* Build configuration list for PBXNativeTarget "macOS" */ = {
			isa = XCConfigurationList;
			buildConfigurations = (
				7E92CDD124DDB97300D78CA2 /* Debug */,
				7E92CDD224DDB97300D78CA2 /* Release */,
			);
			defaultConfigurationIsVisible = 0;
			defaultConfigurationName = Release;
		};
/* End XCConfigurationList section */

/* Begin XCSwiftPackageProductDependency section */
		7E81231F24DE22B000332539 /* YZDesignSystem */ = {
			isa = XCSwiftPackageProductDependency;
			productName = YZDesignSystem;
		};
		7E81232124DE22B000332539 /* YZDesignSystemMacOS */ = {
			isa = XCSwiftPackageProductDependency;
			productName = YZDesignSystemMacOS;
		};
		7E81232324DE22B000332539 /* YZMarkdown */ = {
			isa = XCSwiftPackageProductDependency;
			productName = YZMarkdown;
		};
/* End XCSwiftPackageProductDependency section */
	};
	rootObject = 7E92CDAD24DDB97100D78CA2 /* Project object */;
}
